
Microsoft Visual Studio Solution File, Format Version 11.00
# Visual Studio 2010
Project("{FAE04EC0-301F-11D3-BF4B-00C04F79EFBC}") = "Klasör Oluşturma Ve Silme", "Klasör Oluşturma Ve Silme\Klasör Oluşturma Ve Silme.csproj", "{425B06C2-0909-43AF-8CAD-61A58E462688}"
EndProject
Global
	GlobalSection(SolutionConfigurationPlatforms) = preSolution
		Debug|x86 = Debug|x86
		Release|x86 = Release|x86
	EndGlobalSection
	GlobalSection(ProjectConfigurationPlatforms) = postSolution
		{425B06C2-0909-43AF-8CAD-61A58E462688}.Debug|x86.ActiveCfg = Debug|x86
		{425B06C2-0909-43AF-8CAD-61A58E462688}.Debug|x86.Build.0 = Debug|x86
		{425B06C2-0909-43AF-8CAD-61A58E462688}.Release|x86.ActiveCfg = Release|x86
		{425B06C2-0909-43AF-8CAD-61A58E462688}.Release|x86.Build.0 = Release|x86
	EndGlobalSection
	GlobalSection(SolutionProperties) = preSolution
		HideSolutionNode = FALSE
	EndGlobalSection
EndGlobal
